
Microsoft Visual Studio Solution File, Format Version 12.00
# Visual Studio Version 17
VisualStudioVersion = 17.6.33815.320
MinimumVisualStudioVersion = 10.0.40219.1
Project("{888888A0-9F3D-457C-B088-3A5042F75D52}") = "SteamCharts", "SteamCharts\SteamCharts.pyproj", "{FCA329D2-57FC-4EBB-A686-2BCB4AD79CD7}"
EndProject
Project("{888888A0-9F3D-457C-B088-3A5042F75D52}") = "DBD Killswitch", "Killswitch\DBD Killswitch.pyproj", "{CDA325E1-A6BD-4F71-8FA3-FDF132FB7538}"
EndProject
Project("{888888A0-9F3D-457C-B088-3A5042F75D52}") = "Libretrans", "Libretrans\Libretrans.pyproj", "{E87C1BDA-5C20-4893-8476-FD34A1EA9702}"
EndProject
Project("{888888A0-9F3D-457C-B088-3A5042F75D52}") = "Twitch", "Twitch\Twitch.pyproj", "{4BF6A46D-7FDB-49BA-B2DF-D89F43D00989}"
EndProject
Project("{888888A0-9F3D-457C-B088-3A5042F75D52}") = "RandomUsernames", "RandomUsernames\RandomUsernames.pyproj", "{42843236-4E5A-419E-B2A6-4C5901316185}"
EndProject
Project("{2150E333-8FDC-42A3-9474-1A3956D46DE8}") = "Projektmappenelemente", "Projektmappenelemente", "{839D988B-52C8-45EC-832C-9E09880C78A1}"
	ProjectSection(SolutionItems) = preProject
		.gitattributes = .gitattributes
		.gitignore = .gitignore
		LICENSE.txt = LICENSE.txt
	EndProjectSection
EndProject
Project("{888888A0-9F3D-457C-B088-3A5042F75D52}") = "BotDirectory", "BotDirectory\BotDirectory.pyproj", "{6E4E49FE-0580-45ED-9A9C-678F45492B5A}"
EndProject
Project("{888888A0-9F3D-457C-B088-3A5042F75D52}") = "Googletrans", "Googletrans\Googletrans.pyproj", "{3FC00FC2-D517-48BB-9F80-69CA26702D3A}"
EndProject
Project("{888888A0-9F3D-457C-B088-3A5042F75D52}") = "Steam", "Steam\Steam.pyproj", "{8911FACA-6F38-4FB4-9686-5F1D41CEE834}"
EndProject
Project("{888888A0-9F3D-457C-B088-3A5042F75D52}") = "InviteTracker", "InviteTracker\InviteTracker.pyproj", "{02BD8A0D-6763-4EFC-893B-3E04D35E8688}"
EndProject
Project("{888888A0-9F3D-457C-B088-3A5042F75D52}") = "AppTranslation", "AppTranslation\AppTranslation.pyproj", "{EFC198A7-04E2-4F4F-B831-03B473B9DA7A}"
EndProject
Project("{888888A0-9F3D-457C-B088-3A5042F75D52}") = "LogHandler", "LogHandler\LogHandler.pyproj", "{3534C9F3-C406-4D96-A9FF-4EAED0C19AE3}"
EndProject
Project("{888888A0-9F3D-457C-B088-3A5042F75D52}") = "BitmapHandler", "BitmapHandler\BitmapHandler.pyproj", "{EB4BEDC4-A7D3-4638-8AA6-C4D149B4A637}"
EndProject
Project("{888888A0-9F3D-457C-B088-3A5042F75D52}") = "StatDock", "StatDock\StatDock.pyproj", "{773FB23F-4DC0-40F4-AADE-BC6B8FDFBFF7}"
EndProject
Global
	GlobalSection(SolutionConfigurationPlatforms) = preSolution
		Debug|Any CPU = Debug|Any CPU
		Release|Any CPU = Release|Any CPU
	EndGlobalSection
	GlobalSection(ProjectConfigurationPlatforms) = postSolution
		{FCA329D2-57FC-4EBB-A686-2BCB4AD79CD7}.Debug|Any CPU.ActiveCfg = Debug|Any CPU
		{FCA329D2-57FC-4EBB-A686-2BCB4AD79CD7}.Release|Any CPU.ActiveCfg = Release|Any CPU
		{CDA325E1-A6BD-4F71-8FA3-FDF132FB7538}.Debug|Any CPU.ActiveCfg = Debug|Any CPU
		{CDA325E1-A6BD-4F71-8FA3-FDF132FB7538}.Release|Any CPU.ActiveCfg = Release|Any CPU
		{E87C1BDA-5C20-4893-8476-FD34A1EA9702}.Debug|Any CPU.ActiveCfg = Debug|Any CPU
		{E87C1BDA-5C20-4893-8476-FD34A1EA9702}.Release|Any CPU.ActiveCfg = Release|Any CPU
		{4BF6A46D-7FDB-49BA-B2DF-D89F43D00989}.Debug|Any CPU.ActiveCfg = Debug|Any CPU
		{4BF6A46D-7FDB-49BA-B2DF-D89F43D00989}.Release|Any CPU.ActiveCfg = Release|Any CPU
		{42843236-4E5A-419E-B2A6-4C5901316185}.Debug|Any CPU.ActiveCfg = Debug|Any CPU
		{42843236-4E5A-419E-B2A6-4C5901316185}.Release|Any CPU.ActiveCfg = Release|Any CPU
		{6E4E49FE-0580-45ED-9A9C-678F45492B5A}.Debug|Any CPU.ActiveCfg = Debug|Any CPU
		{6E4E49FE-0580-45ED-9A9C-678F45492B5A}.Release|Any CPU.ActiveCfg = Release|Any CPU
		{3FC00FC2-D517-48BB-9F80-69CA26702D3A}.Debug|Any CPU.ActiveCfg = Debug|Any CPU
		{3FC00FC2-D517-48BB-9F80-69CA26702D3A}.Release|Any CPU.ActiveCfg = Release|Any CPU
		{8911FACA-6F38-4FB4-9686-5F1D41CEE834}.Debug|Any CPU.ActiveCfg = Debug|Any CPU
		{8911FACA-6F38-4FB4-9686-5F1D41CEE834}.Release|Any CPU.ActiveCfg = Release|Any CPU
		{02BD8A0D-6763-4EFC-893B-3E04D35E8688}.Debug|Any CPU.ActiveCfg = Debug|Any CPU
		{02BD8A0D-6763-4EFC-893B-3E04D35E8688}.Release|Any CPU.ActiveCfg = Release|Any CPU
		{EFC198A7-04E2-4F4F-B831-03B473B9DA7A}.Debug|Any CPU.ActiveCfg = Debug|Any CPU
		{EFC198A7-04E2-4F4F-B831-03B473B9DA7A}.Release|Any CPU.ActiveCfg = Release|Any CPU
		{3534C9F3-C406-4D96-A9FF-4EAED0C19AE3}.Debug|Any CPU.ActiveCfg = Debug|Any CPU
		{3534C9F3-C406-4D96-A9FF-4EAED0C19AE3}.Release|Any CPU.ActiveCfg = Release|Any CPU
		{EB4BEDC4-A7D3-4638-8AA6-C4D149B4A637}.Debug|Any CPU.ActiveCfg = Debug|Any CPU
		{EB4BEDC4-A7D3-4638-8AA6-C4D149B4A637}.Release|Any CPU.ActiveCfg = Release|Any CPU
		{773FB23F-4DC0-40F4-AADE-BC6B8FDFBFF7}.Debug|Any CPU.ActiveCfg = Debug|Any CPU
		{773FB23F-4DC0-40F4-AADE-BC6B8FDFBFF7}.Release|Any CPU.ActiveCfg = Release|Any CPU
	EndGlobalSection
	GlobalSection(SolutionProperties) = preSolution
		HideSolutionNode = FALSE
	EndGlobalSection
	GlobalSection(ExtensibilityGlobals) = postSolution
		SolutionGuid = {AD9AFABE-5739-41BB-96A5-F3DF2112844B}
	EndGlobalSection
EndGlobal
